# THIS IS AN AUTOGENERATED FILE. DO NOT EDIT THIS FILE DIRECTLY.
# yarn lockfile v1


"@algolia/autocomplete-core@1.9.3":
  version "1.9.3"
  resolved "http://registry.m.jd.com/@algolia/autocomplete-core/download/@algolia/autocomplete-core-1.9.3.tgz#1d56482a768c33aae0868c8533049e02e8961be7"
  integrity sha1-HVZIKnaMM6rghoyFMwSeAuiWG+c=
  dependencies:
    "@algolia/autocomplete-plugin-algolia-insights" "1.9.3"
    "@algolia/autocomplete-shared" "1.9.3"

"@algolia/autocomplete-plugin-algolia-insights@1.9.3":
  version "1.9.3"
  resolved "http://registry.m.jd.com/@algolia/autocomplete-plugin-algolia-insights/download/@algolia/autocomplete-plugin-algolia-insights-1.9.3.tgz#9b7f8641052c8ead6d66c1623d444cbe19dde587"
  integrity sha1-m3+GQQUsjq1tZsFiPURMvhnd5Yc=
  dependencies:
    "@algolia/autocomplete-shared" "1.9.3"

"@algolia/autocomplete-preset-algolia@1.9.3":
  version "1.9.3"
  resolved "http://registry.m.jd.com/@algolia/autocomplete-preset-algolia/download/@algolia/autocomplete-preset-algolia-1.9.3.tgz#64cca4a4304cfcad2cf730e83067e0c1b2f485da"
  integrity sha1-ZMykpDBM/K0s9zDoMGfgwbL0hdo=
  dependencies:
    "@algolia/autocomplete-shared" "1.9.3"

"@algolia/autocomplete-shared@1.9.3":
  version "1.9.3"
  resolved "http://registry.m.jd.com/@algolia/autocomplete-shared/download/@algolia/autocomplete-shared-1.9.3.tgz#2e22e830d36f0a9cf2c0ccd3c7f6d59435b77dfa"
  integrity sha1-LiLoMNNvCpzywMzTx/bVlDW3ffo=

"@algolia/cache-browser-local-storage@4.20.0":
  version "4.20.0"
  resolved "http://registry.m.jd.com/@algolia/cache-browser-local-storage/download/@algolia/cache-browser-local-storage-4.20.0.tgz#357318242fc542ffce41d6eb5b4a9b402921b0bb"
  integrity sha1-NXMYJC/FQv/OQdbrW0qbQCkhsLs=
  dependencies:
    "@algolia/cache-common" "4.20.0"

"@algolia/cache-common@4.20.0":
  version "4.20.0"
  resolved "http://registry.m.jd.com/@algolia/cache-common/download/@algolia/cache-common-4.20.0.tgz#ec52230509fce891091ffd0d890618bcdc2fa20d"
  integrity sha1-7FIjBQn86JEJH/0NiQYYvNwvog0=

"@algolia/cache-in-memory@4.20.0":
  version "4.20.0"
  resolved "http://registry.m.jd.com/@algolia/cache-in-memory/download/@algolia/cache-in-memory-4.20.0.tgz#5f18d057bd6b3b075022df085c4f83bcca4e3e67"
  integrity sha1-XxjQV71rOwdQIt8IXE+DvMpOPmc=
  dependencies:
    "@algolia/cache-common" "4.20.0"

"@algolia/client-account@4.20.0":
  version "4.20.0"
  resolved "http://registry.m.jd.com/@algolia/client-account/download/@algolia/client-account-4.20.0.tgz#23ce0b4cffd63100fb7c1aa1c67a4494de5bd645"
  integrity sha1-I84LTP/WMQD7fBqhxnpElN5b1kU=
  dependencies:
    "@algolia/client-common" "4.20.0"
    "@algolia/client-search" "4.20.0"
    "@algolia/transporter" "4.20.0"

"@algolia/client-analytics@4.20.0":
  version "4.20.0"
  resolved "http://registry.m.jd.com/@algolia/client-analytics/download/@algolia/client-analytics-4.20.0.tgz#0aa6bef35d3a41ac3991b3f46fcd0bf00d276fa9"
  integrity sha1-Cqa+8106Qaw5kbP0b80L8A0nb6k=
  dependencies:
    "@algolia/client-common" "4.20.0"
    "@algolia/client-search" "4.20.0"
    "@algolia/requester-common" "4.20.0"
    "@algolia/transporter" "4.20.0"

"@algolia/client-common@4.20.0":
  version "4.20.0"
  resolved "http://registry.m.jd.com/@algolia/client-common/download/@algolia/client-common-4.20.0.tgz#ca60f04466515548651c4371a742fbb8971790ef"
  integrity sha1-ymDwRGZRVUhlHENxp0L7uJcXkO8=
  dependencies:
    "@algolia/requester-common" "4.20.0"
    "@algolia/transporter" "4.20.0"

"@algolia/client-personalization@4.20.0":
  version "4.20.0"
  resolved "http://registry.m.jd.com/@algolia/client-personalization/download/@algolia/client-personalization-4.20.0.tgz#ca81308e8ad0db3b27458b78355f124f29657181"
  integrity sha1-yoEwjorQ2zsnRYt4NV8STyllcYE=
  dependencies:
    "@algolia/client-common" "4.20.0"
    "@algolia/requester-common" "4.20.0"
    "@algolia/transporter" "4.20.0"

"@algolia/client-search@4.20.0":
  version "4.20.0"
  resolved "http://registry.m.jd.com/@algolia/client-search/download/@algolia/client-search-4.20.0.tgz#3bcce817ca6caedc835e0eaf6f580e02ee7c3e15"
  integrity sha1-O8zoF8psrtyDXg6vb1gOAu58PhU=
  dependencies:
    "@algolia/client-common" "4.20.0"
    "@algolia/requester-common" "4.20.0"
    "@algolia/transporter" "4.20.0"

"@algolia/logger-common@4.20.0":
  version "4.20.0"
  resolved "http://registry.m.jd.com/@algolia/logger-common/download/@algolia/logger-common-4.20.0.tgz#f148ddf67e5d733a06213bebf7117cb8a651ab36"
  integrity sha1-8Ujd9n5dczoGITvr9xF8uKZRqzY=

"@algolia/logger-console@4.20.0":
  version "4.20.0"
  resolved "http://registry.m.jd.com/@algolia/logger-console/download/@algolia/logger-console-4.20.0.tgz#ac443d27c4e94357f3063e675039cef0aa2de0a7"
  integrity sha1-rEQ9J8TpQ1fzBj5nUDnO8Kot4Kc=
  dependencies:
    "@algolia/logger-common" "4.20.0"

"@algolia/requester-browser-xhr@4.20.0":
  version "4.20.0"
  resolved "http://registry.m.jd.com/@algolia/requester-browser-xhr/download/@algolia/requester-browser-xhr-4.20.0.tgz#db16d0bdef018b93b51681d3f1e134aca4f64814"
  integrity sha1-2xbQve8Bi5O1FoHT8eE0rKT2SBQ=
  dependencies:
    "@algolia/requester-common" "4.20.0"

"@algolia/requester-common@4.20.0":
  version "4.20.0"
  resolved "http://registry.m.jd.com/@algolia/requester-common/download/@algolia/requester-common-4.20.0.tgz#65694b2263a8712b4360fef18680528ffd435b5c"
  integrity sha1-ZWlLImOocStDYP7xhoBSj/1DW1w=

"@algolia/requester-node-http@4.20.0":
  version "4.20.0"
  resolved "http://registry.m.jd.com/@algolia/requester-node-http/download/@algolia/requester-node-http-4.20.0.tgz#b52b182b52b0b16dec4070832267d484a6b1d5bb"
  integrity sha1-tSsYK1KwsW3sQHCDImfUhKax1bs=
  dependencies:
    "@algolia/requester-common" "4.20.0"

"@algolia/transporter@4.20.0":
  version "4.20.0"
  resolved "http://registry.m.jd.com/@algolia/transporter/download/@algolia/transporter-4.20.0.tgz#7e5b24333d7cc9a926b2f6a249f87c2889b944a9"
  integrity sha1-flskMz18yakmsvaiSfh8KIm5RKk=
  dependencies:
    "@algolia/cache-common" "4.20.0"
    "@algolia/logger-common" "4.20.0"
    "@algolia/requester-common" "4.20.0"

"@babel/parser@^7.23.3":
  version "7.23.5"
  resolved "http://registry.m.jd.com/@babel/parser/download/@babel/parser-7.23.5.tgz#37dee97c4752af148e1d38c34b856b2507660563"
  integrity sha1-N97pfEdSrxSOHTjDS4VrJQdmBWM=

"@docsearch/css@3.5.2", "@docsearch/css@^3.5.2":
  version "3.5.2"
  resolved "http://registry.m.jd.com/@docsearch/css/download/@docsearch/css-3.5.2.tgz#610f47b48814ca94041df969d9fcc47b91fc5aac"
  integrity sha1-YQ9HtIgUypQEHflp2fzEe5H8Wqw=

"@docsearch/js@^3.5.2":
  version "3.5.2"
  resolved "http://registry.m.jd.com/@docsearch/js/download/@docsearch/js-3.5.2.tgz#a11cb2e7e62890e9e940283fed6972ecf632629d"
  integrity sha1-oRyy5+YokOnpQCg/7Wly7PYyYp0=
  dependencies:
    "@docsearch/react" "3.5.2"
    preact "^10.0.0"

"@docsearch/react@3.5.2":
  version "3.5.2"
  resolved "http://registry.m.jd.com/@docsearch/react/download/@docsearch/react-3.5.2.tgz#2e6bbee00eb67333b64906352734da6aef1232b9"
  integrity sha1-Lmu+4A62czO2SQY1JzTaau8SMrk=
  dependencies:
    "@algolia/autocomplete-core" "1.9.3"
    "@algolia/autocomplete-preset-algolia" "1.9.3"
    "@docsearch/css" "3.5.2"
    algoliasearch "^4.19.1"

"@esbuild/android-arm64@0.18.20":
  version "0.18.20"
  resolved "http://registry.m.jd.com/@esbuild/android-arm64/download/@esbuild/android-arm64-0.18.20.tgz#984b4f9c8d0377443cc2dfcef266d02244593622"
  integrity sha1-mEtPnI0Dd0Q8wt/O8mbQIkRZNiI=

"@esbuild/android-arm@0.18.20":
  version "0.18.20"
  resolved "http://registry.m.jd.com/@esbuild/android-arm/download/@esbuild/android-arm-0.18.20.tgz#fedb265bc3a589c84cc11f810804f234947c3682"
  integrity sha1-/tsmW8OlichMwR+BCATyNJR8NoI=

"@esbuild/android-x64@0.18.20":
  version "0.18.20"
  resolved "http://registry.m.jd.com/@esbuild/android-x64/download/@esbuild/android-x64-0.18.20.tgz#35cf419c4cfc8babe8893d296cd990e9e9f756f2"
  integrity sha1-Nc9BnEz8i6voiT0pbNmQ6en3VvI=

"@esbuild/darwin-arm64@0.18.20":
  version "0.18.20"
  resolved "http://registry.m.jd.com/@esbuild/darwin-arm64/download/@esbuild/darwin-arm64-0.18.20.tgz#08172cbeccf95fbc383399a7f39cfbddaeb0d7c1"
  integrity sha1-CBcsvsz5X7w4M5mn85z73a6w18E=

"@esbuild/darwin-x64@0.18.20":
  version "0.18.20"
  resolved "http://registry.m.jd.com/@esbuild/darwin-x64/download/@esbuild/darwin-x64-0.18.20.tgz#d70d5790d8bf475556b67d0f8b7c5bdff053d85d"
  integrity sha1-1w1XkNi/R1VWtn0Pi3xb3/BT2F0=

"@esbuild/freebsd-arm64@0.18.20":
  version "0.18.20"
  resolved "http://registry.m.jd.com/@esbuild/freebsd-arm64/download/@esbuild/freebsd-arm64-0.18.20.tgz#98755cd12707f93f210e2494d6a4b51b96977f54"
  integrity sha1-mHVc0ScH+T8hDiSU1qS1G5aXf1Q=

"@esbuild/freebsd-x64@0.18.20":
  version "0.18.20"
  resolved "http://registry.m.jd.com/@esbuild/freebsd-x64/download/@esbuild/freebsd-x64-0.18.20.tgz#c1eb2bff03915f87c29cece4c1a7fa1f423b066e"
  integrity sha1-wesr/wORX4fCnOzkwaf6H0I7Bm4=

"@esbuild/linux-arm64@0.18.20":
  version "0.18.20"
  resolved "http://registry.m.jd.com/@esbuild/linux-arm64/download/@esbuild/linux-arm64-0.18.20.tgz#bad4238bd8f4fc25b5a021280c770ab5fc3a02a0"
  integrity sha1-utQji9j0/CW1oCEoDHcKtfw6AqA=

"@esbuild/linux-arm@0.18.20":
  version "0.18.20"
  resolved "http://registry.m.jd.com/@esbuild/linux-arm/download/@esbuild/linux-arm-0.18.20.tgz#3e617c61f33508a27150ee417543c8ab5acc73b0"
  integrity sha1-PmF8YfM1CKJxUO5BdUPIq1rMc7A=

"@esbuild/linux-ia32@0.18.20":
  version "0.18.20"
  resolved "http://registry.m.jd.com/@esbuild/linux-ia32/download/@esbuild/linux-ia32-0.18.20.tgz#699391cccba9aee6019b7f9892eb99219f1570a7"
  integrity sha1-aZORzMupruYBm3+YkuuZIZ8VcKc=

"@esbuild/linux-loong64@0.18.20":
  version "0.18.20"
  resolved "http://registry.m.jd.com/@esbuild/linux-loong64/download/@esbuild/linux-loong64-0.18.20.tgz#e6fccb7aac178dd2ffb9860465ac89d7f23b977d"
  integrity sha1-5vzLeqwXjdL/uYYEZayJ1/I7l30=

"@esbuild/linux-mips64el@0.18.20":
  version "0.18.20"
  resolved "http://registry.m.jd.com/@esbuild/linux-mips64el/download/@esbuild/linux-mips64el-0.18.20.tgz#eeff3a937de9c2310de30622a957ad1bd9183231"
  integrity sha1-7v86k33pwjEN4wYiqVetG9kYMjE=

"@esbuild/linux-ppc64@0.18.20":
  version "0.18.20"
  resolved "http://registry.m.jd.com/@esbuild/linux-ppc64/download/@esbuild/linux-ppc64-0.18.20.tgz#2f7156bde20b01527993e6881435ad79ba9599fb"
  integrity sha1-L3FWveILAVJ5k+aIFDWtebqVmfs=

"@esbuild/linux-riscv64@0.18.20":
  version "0.18.20"
  resolved "http://registry.m.jd.com/@esbuild/linux-riscv64/download/@esbuild/linux-riscv64-0.18.20.tgz#6628389f210123d8b4743045af8caa7d4ddfc7a6"
  integrity sha1-Zig4nyEBI9i0dDBFr4yqfU3fx6Y=

"@esbuild/linux-s390x@0.18.20":
  version "0.18.20"
  resolved "http://registry.m.jd.com/@esbuild/linux-s390x/download/@esbuild/linux-s390x-0.18.20.tgz#255e81fb289b101026131858ab99fba63dcf0071"
  integrity sha1-JV6B+yibEBAmExhYq5n7pj3PAHE=

"@esbuild/linux-x64@0.18.20":
  version "0.18.20"
  resolved "http://registry.m.jd.com/@esbuild/linux-x64/download/@esbuild/linux-x64-0.18.20.tgz#c7690b3417af318a9b6f96df3031a8865176d338"
  integrity sha1-x2kLNBevMYqbb5bfMDGohlF20zg=

"@esbuild/netbsd-x64@0.18.20":
  version "0.18.20"
  resolved "http://registry.m.jd.com/@esbuild/netbsd-x64/download/@esbuild/netbsd-x64-0.18.20.tgz#30e8cd8a3dded63975e2df2438ca109601ebe0d1"
  integrity sha1-MOjNij3e1jl14t8kOMoQlgHr4NE=

"@esbuild/openbsd-x64@0.18.20":
  version "0.18.20"
  resolved "http://registry.m.jd.com/@esbuild/openbsd-x64/download/@esbuild/openbsd-x64-0.18.20.tgz#7812af31b205055874c8082ea9cf9ab0da6217ae"
  integrity sha1-eBKvMbIFBVh0yAguqc+asNpiF64=

"@esbuild/sunos-x64@0.18.20":
  version "0.18.20"
  resolved "http://registry.m.jd.com/@esbuild/sunos-x64/download/@esbuild/sunos-x64-0.18.20.tgz#d5c275c3b4e73c9b0ecd38d1ca62c020f887ab9d"
  integrity sha1-1cJ1w7TnPJsOzTjRymLAIPiHq50=

"@esbuild/win32-arm64@0.18.20":
  version "0.18.20"
  resolved "http://registry.m.jd.com/@esbuild/win32-arm64/download/@esbuild/win32-arm64-0.18.20.tgz#73bc7f5a9f8a77805f357fab97f290d0e4820ac9"
  integrity sha1-c7x/Wp+Kd4BfNX+rl/KQ0OSCCsk=

"@esbuild/win32-ia32@0.18.20":
  version "0.18.20"
  resolved "http://registry.m.jd.com/@esbuild/win32-ia32/download/@esbuild/win32-ia32-0.18.20.tgz#ec93cbf0ef1085cc12e71e0d661d20569ff42102"
  integrity sha1-7JPL8O8QhcwS5x4NZh0gVp/0IQI=

"@esbuild/win32-x64@0.18.20":
  version "0.18.20"
  resolved "http://registry.m.jd.com/@esbuild/win32-x64/download/@esbuild/win32-x64-0.18.20.tgz#786c5f41f043b07afb1af37683d7c33668858f6d"
  integrity sha1-eGxfQfBDsHr7GvN2g9fDNmiFj20=

"@jridgewell/sourcemap-codec@^1.4.15":
  version "1.4.15"
  resolved "http://registry.m.jd.com/@jridgewell/sourcemap-codec/download/@jridgewell/sourcemap-codec-1.4.15.tgz#d7c6e6755c78567a951e04ab52ef0fd26de59f32"
  integrity sha1-18bmdVx4VnqVHgSrUu8P0m3lnzI=

"@types/linkify-it@*":
  version "3.0.5"
  resolved "http://registry.m.jd.com/@types/linkify-it/download/@types/linkify-it-3.0.5.tgz#1e78a3ac2428e6d7e6c05c1665c242023a4601d8"
  integrity sha1-HnijrCQo5tfmwFwWZcJCAjpGAdg=

"@types/markdown-it@^13.0.4":
  version "13.0.7"
  resolved "http://registry.m.jd.com/@types/markdown-it/download/@types/markdown-it-13.0.7.tgz#4a495115f470075bd4434a0438ac477a49c2e152"
  integrity sha1-SklRFfRwB1vUQ0oEOKxHeknC4VI=
  dependencies:
    "@types/linkify-it" "*"
    "@types/mdurl" "*"

"@types/mdurl@*":
  version "1.0.5"
  resolved "http://registry.m.jd.com/@types/mdurl/download/@types/mdurl-1.0.5.tgz#3e0d2db570e9fb6ccb2dc8fde0be1d79ac810d39"
  integrity sha1-Pg0ttXDp+2zLLcj94L4deayBDTk=

"@types/web-bluetooth@^0.0.18":
  version "0.0.18"
  resolved "http://registry.m.jd.com/@types/web-bluetooth/download/@types/web-bluetooth-0.0.18.tgz#74bd1c8fd3a2058cb6fc76b188fcded50a83d866"
  integrity sha1-dL0cj9OiBYy2/HaxiPze1QqD2GY=

"@types/web-bluetooth@^0.0.20":
  version "0.0.20"
  resolved "http://registry.m.jd.com/@types/web-bluetooth/download/@types/web-bluetooth-0.0.20.tgz#f066abfcd1cbe66267cdbbf0de010d8a41b41597"
  integrity sha1-8Gar/NHL5mJnzbvw3gENikG0FZc=

"@vitejs/plugin-vue@4.3.1":
  version "4.3.1"
  resolved "http://registry.m.jd.com/@vitejs/plugin-vue/download/@vitejs/plugin-vue-4.3.1.tgz#635cf512dd1d5c78adf9e24615696e4918cd9d88"
  integrity sha1-Y1z1Et0dXHit+eJGFWluSRjNnYg=

"@vue/compiler-core@3.3.9":
  version "3.3.9"
  resolved "http://registry.m.jd.com/@vue/compiler-core/download/@vue/compiler-core-3.3.9.tgz#df1fc7947dcef5c2e12d257eae540057707f47d1"
  integrity sha1-3x/HlH3O9cLhLSV+rlQAV3B/R9E=
  dependencies:
    "@babel/parser" "^7.23.3"
    "@vue/shared" "3.3.9"
    estree-walker "^2.0.2"
    source-map-js "^1.0.2"

"@vue/compiler-dom@3.3.9":
  version "3.3.9"
  resolved "http://registry.m.jd.com/@vue/compiler-dom/download/@vue/compiler-dom-3.3.9.tgz#67315ea4193d9d18c7a710889b8f90f7aa3914d2"
  integrity sha1-ZzFepBk9nRjHpxCIm4+Q96o5FNI=
  dependencies:
    "@vue/compiler-core" "3.3.9"
    "@vue/shared" "3.3.9"

"@vue/compiler-sfc@3.3.9":
  version "3.3.9"
  resolved "http://registry.m.jd.com/@vue/compiler-sfc/download/@vue/compiler-sfc-3.3.9.tgz#5900906baba1a90389200d81753ad0f7ceb98a83"
  integrity sha1-WQCQa6uhqQOJIA2BdTrQ9865ioM=
  dependencies:
    "@babel/parser" "^7.23.3"
    "@vue/compiler-core" "3.3.9"
    "@vue/compiler-dom" "3.3.9"
    "@vue/compiler-ssr" "3.3.9"
    "@vue/reactivity-transform" "3.3.9"
    "@vue/shared" "3.3.9"
    estree-walker "^2.0.2"
    magic-string "^0.30.5"
    postcss "^8.4.31"
    source-map-js "^1.0.2"

"@vue/compiler-ssr@3.3.9":
  version "3.3.9"
  resolved "http://registry.m.jd.com/@vue/compiler-ssr/download/@vue/compiler-ssr-3.3.9.tgz#3b3dbfa5368165fa4ff74c060503b4087ec1beed"
  integrity sha1-Oz2/pTaBZfpP90wGBQO0CH7Bvu0=
  dependencies:
    "@vue/compiler-dom" "3.3.9"
    "@vue/shared" "3.3.9"

"@vue/devtools-api@^6.5.1":
  version "6.5.1"
  resolved "http://registry.m.jd.com/@vue/devtools-api/download/@vue/devtools-api-6.5.1.tgz#7f71f31e40973eeee65b9a64382b13593fdbd697"
  integrity sha1-f3HzHkCXPu7mW5pkOCsTWT/b1pc=

"@vue/reactivity-transform@3.3.9":
  version "3.3.9"
  resolved "http://registry.m.jd.com/@vue/reactivity-transform/download/@vue/reactivity-transform-3.3.9.tgz#5d894dd9a42a422a2db309babb385f9a2529b52f"
  integrity sha1-XYlN2aQqQiotswm6uzhfmiUptS8=
  dependencies:
    "@babel/parser" "^7.23.3"
    "@vue/compiler-core" "3.3.9"
    "@vue/shared" "3.3.9"
    estree-walker "^2.0.2"
    magic-string "^0.30.5"

"@vue/reactivity@3.3.9":
  version "3.3.9"
  resolved "http://registry.m.jd.com/@vue/reactivity/download/@vue/reactivity-3.3.9.tgz#e28e8071bd74edcdd9c87b667ad00e8fbd8d6920"
  integrity sha1-4o6Acb107c3ZyHtmetAOj72NaSA=
  dependencies:
    "@vue/shared" "3.3.9"

"@vue/runtime-core@3.3.9":
  version "3.3.9"
  resolved "http://registry.m.jd.com/@vue/runtime-core/download/@vue/runtime-core-3.3.9.tgz#c835b77f7dc7ae5f251e93f277b54963ea1b5c31"
  integrity sha1-yDW3f33Hrl8lHpPyd7VJY+obXDE=
  dependencies:
    "@vue/reactivity" "3.3.9"
    "@vue/shared" "3.3.9"

"@vue/runtime-dom@3.3.9":
  version "3.3.9"
  resolved "http://registry.m.jd.com/@vue/runtime-dom/download/@vue/runtime-dom-3.3.9.tgz#68081d981695a229d72f431fed0b0cdd9161ce53"
  integrity sha1-aAgdmBaVoinXL0Mf7QsM3ZFhzlM=
  dependencies:
    "@vue/runtime-core" "3.3.9"
    "@vue/shared" "3.3.9"
    csstype "^3.1.2"

"@vue/server-renderer@3.3.9":
  version "3.3.9"
  resolved "http://registry.m.jd.com/@vue/server-renderer/download/@vue/server-renderer-3.3.9.tgz#ffb41bc9c7afafcc608d0c500e9d6b0af7d68fad"
  integrity sha1-/7Qbycevr8xgjQxQDp1rCvfWj60=
  dependencies:
    "@vue/compiler-ssr" "3.3.9"
    "@vue/shared" "3.3.9"

"@vue/shared@3.3.9":
  version "3.3.9"
  resolved "http://registry.m.jd.com/@vue/shared/download/@vue/shared-3.3.9.tgz#df740d26d338faf03e09ca662a8031acf66051db"
  integrity sha1-33QNJtM4+vA+CcpmKoAxrPZgUds=

"@vueuse/core@10.5.0":
  version "10.5.0"
  resolved "http://registry.m.jd.com/@vueuse/core/download/@vueuse/core-10.5.0.tgz#04d1e6d26592bb997bb755a4830ea7583c3e8612"
  integrity sha1-BNHm0mWSu5l7t1Wkgw6nWDw+hhI=
  dependencies:
    "@types/web-bluetooth" "^0.0.18"
    "@vueuse/metadata" "10.5.0"
    "@vueuse/shared" "10.5.0"
    vue-demi ">=0.14.6"

"@vueuse/core@^10.5.0":
  version "10.6.1"
  resolved "http://registry.m.jd.com/@vueuse/core/download/@vueuse/core-10.6.1.tgz#5b16d8238054c6983b6cb7cd77a78035f098dd89"
  integrity sha1-WxbYI4BUxpg7bLfNd6eANfCY3Yk=
  dependencies:
    "@types/web-bluetooth" "^0.0.20"
    "@vueuse/metadata" "10.6.1"
    "@vueuse/shared" "10.6.1"
    vue-demi ">=0.14.6"

"@vueuse/integrations@^10.5.0":
  version "10.5.0"
  resolved "http://registry.m.jd.com/@vueuse/integrations/download/@vueuse/integrations-10.5.0.tgz#38f00bd5a1cd0160645f0c75efd5d9579061e3d6"
  integrity sha1-OPAL1aHNAWBkXwx179XZV5Bh49Y=
  dependencies:
    "@vueuse/core" "10.5.0"
    "@vueuse/shared" "10.5.0"
    vue-demi ">=0.14.6"

"@vueuse/metadata@10.5.0":
  version "10.5.0"
  resolved "http://registry.m.jd.com/@vueuse/metadata/download/@vueuse/metadata-10.5.0.tgz#7501a88cf5cbf7a515a03f0b8bbe3cecf30cad11"
  integrity sha1-dQGojPXL96UVoD8Li7487PMMrRE=

"@vueuse/metadata@10.6.1":
  version "10.6.1"
  resolved "http://registry.m.jd.com/@vueuse/metadata/download/@vueuse/metadata-10.6.1.tgz#100faa0ced3c0ab4c014fb8e66e781e85e4eb88d"
  integrity sha1-EA+qDO08CrTAFPuOZueB6F5OuI0=

"@vueuse/shared@10.5.0":
  version "10.5.0"
  resolved "http://registry.m.jd.com/@vueuse/shared/download/@vueuse/shared-10.5.0.tgz#b3ac8c190a5dae41db5e1b60fe304a9b4247393c"
  integrity sha1-s6yMGQpdrkHbXhtg/jBKm0JHOTw=
  dependencies:
    vue-demi ">=0.14.6"

"@vueuse/shared@10.6.1":
  version "10.6.1"
  resolved "http://registry.m.jd.com/@vueuse/shared/download/@vueuse/shared-10.6.1.tgz#1d9fc1e3f9083e45b59a693fc372bc50ad62a9e4"
  integrity sha1-HZ/B4/kIPkW1mmk/w3K8UK1iqeQ=
  dependencies:
    vue-demi ">=0.14.6"

algoliasearch@^4.19.1:
  version "4.20.0"
  resolved "http://registry.m.jd.com/algoliasearch/download/algoliasearch-4.20.0.tgz#700c2cb66e14f8a288460036c7b2a554d0d93cf4"
  integrity sha1-cAwstm4U+KKIRgA2x7KlVNDZPPQ=
  dependencies:
    "@algolia/cache-browser-local-storage" "4.20.0"
    "@algolia/cache-common" "4.20.0"
    "@algolia/cache-in-memory" "4.20.0"
    "@algolia/client-account" "4.20.0"
    "@algolia/client-analytics" "4.20.0"
    "@algolia/client-common" "4.20.0"
    "@algolia/client-personalization" "4.20.0"
    "@algolia/client-search" "4.20.0"
    "@algolia/logger-common" "4.20.0"
    "@algolia/logger-console" "4.20.0"
    "@algolia/requester-browser-xhr" "4.20.0"
    "@algolia/requester-common" "4.20.0"
    "@algolia/requester-node-http" "4.20.0"
    "@algolia/transporter" "4.20.0"

ansi-sequence-parser@^1.1.0:
  version "1.1.1"
  resolved "http://registry.m.jd.com/ansi-sequence-parser/download/ansi-sequence-parser-1.1.1.tgz#e0aa1cdcbc8f8bb0b5bca625aac41f5f056973cf"
  integrity sha1-4Koc3LyPi7C1vKYlqsQfXwVpc88=

csstype@^3.1.2:
  version "3.1.2"
  resolved "http://registry.m.jd.com/csstype/download/csstype-3.1.2.tgz#1d4bf9d572f11c14031f0436e1c10bc1f571f50b"
  integrity sha1-HUv51XLxHBQDHwQ24cELwfVx9Qs=

esbuild@^0.18.10:
  version "0.18.20"
  resolved "http://registry.m.jd.com/esbuild/download/esbuild-0.18.20.tgz#4709f5a34801b43b799ab7d6d82f7284a9b7a7a6"
  integrity sha1-Rwn1o0gBtDt5mrfW2C9yhKm3p6Y=
  optionalDependencies:
    "@esbuild/android-arm" "0.18.20"
    "@esbuild/android-arm64" "0.18.20"
    "@esbuild/android-x64" "0.18.20"
    "@esbuild/darwin-arm64" "0.18.20"
    "@esbuild/darwin-x64" "0.18.20"
    "@esbuild/freebsd-arm64" "0.18.20"
    "@esbuild/freebsd-x64" "0.18.20"
    "@esbuild/linux-arm" "0.18.20"
    "@esbuild/linux-arm64" "0.18.20"
    "@esbuild/linux-ia32" "0.18.20"
    "@esbuild/linux-loong64" "0.18.20"
    "@esbuild/linux-mips64el" "0.18.20"
    "@esbuild/linux-ppc64" "0.18.20"
    "@esbuild/linux-riscv64" "0.18.20"
    "@esbuild/linux-s390x" "0.18.20"
    "@esbuild/linux-x64" "0.18.20"
    "@esbuild/netbsd-x64" "0.18.20"
    "@esbuild/openbsd-x64" "0.18.20"
    "@esbuild/sunos-x64" "0.18.20"
    "@esbuild/win32-arm64" "0.18.20"
    "@esbuild/win32-ia32" "0.18.20"
    "@esbuild/win32-x64" "0.18.20"

estree-walker@^2.0.2:
  version "2.0.2"
  resolved "http://registry.m.jd.com/estree-walker/download/estree-walker-2.0.2.tgz#52f010178c2a4c117a7757cfe942adb7d2da4cac"
  integrity sha1-UvAQF4wqTBF6d1fP6UKtt9LaTKw=

focus-trap@^7.5.4:
  version "7.5.4"
  resolved "http://registry.m.jd.com/focus-trap/download/focus-trap-7.5.4.tgz#6c4e342fe1dae6add9c2aa332a6e7a0bbd495ba2"
  integrity sha1-bE40L+Ha5q3ZwqozKm56C71JW6I=
  dependencies:
    tabbable "^6.2.0"

fsevents@~2.3.2:
  version "2.3.3"
  resolved "http://registry.m.jd.com/fsevents/download/fsevents-2.3.3.tgz#cac6407785d03675a2a5e1a5305c697b347d90d6"
  integrity sha1-ysZAd4XQNnWipeGlMFxpezR9kNY=

jsonc-parser@^3.2.0:
  version "3.2.0"
  resolved "http://registry.m.jd.com/jsonc-parser/download/jsonc-parser-3.2.0.tgz#31ff3f4c2b9793f89c67212627c51c6394f88e76"
  integrity sha1-Mf8/TCuXk/icZyEmJ8UcY5T4jnY=

magic-string@^0.30.5:
  version "0.30.5"
  resolved "http://registry.m.jd.com/magic-string/download/magic-string-0.30.5.tgz#1994d980bd1c8835dc6e78db7cbd4ae4f24746f9"
  integrity sha1-GZTZgL0ciDXcbnjbfL1K5PJHRvk=
  dependencies:
    "@jridgewell/sourcemap-codec" "^1.4.15"

mark.js@8.11.1:
  version "8.11.1"
  resolved "http://registry.m.jd.com/mark.js/download/mark.js-8.11.1.tgz#180f1f9ebef8b0e638e4166ad52db879beb2ffc5"
  integrity sha1-GA8fnr74sOY45BZq1S24eb6y/8U=

minisearch@^6.1.0:
  version "6.2.0"
  resolved "http://registry.m.jd.com/minisearch/download/minisearch-6.2.0.tgz#310b50508551f22e10815f5baedeeeded03a6b5d"
  integrity sha1-MQtQUIVR8i4QgV9brt7u3tA6a10=

nanoid@^3.3.7:
  version "3.3.7"
  resolved "http://registry.m.jd.com/nanoid/download/nanoid-3.3.7.tgz#d0c301a691bc8d54efa0a2226ccf3fe2fd656bd8"
  integrity sha1-0MMBppG8jVTvoKIibM8/4v1la9g=

picocolors@^1.0.0:
  version "1.0.0"
  resolved "http://registry.m.jd.com/picocolors/download/picocolors-1.0.0.tgz#cb5bdc74ff3f51892236eaf79d68bc44564ab81c"
  integrity sha1-y1vcdP8/UYkiNur3nWi8RFZKuBw=

postcss@^8.4.27, postcss@^8.4.31:
  version "8.4.32"
  resolved "http://registry.m.jd.com/postcss/download/postcss-8.4.32.tgz#1dac6ac51ab19adb21b8b34fd2d93a86440ef6c9"
  integrity sha1-HaxqxRqxmtshuLNP0tk6hkQO9sk=
  dependencies:
    nanoid "^3.3.7"
    picocolors "^1.0.0"
    source-map-js "^1.0.2"

preact@^10.0.0:
  version "10.19.2"
  resolved "http://registry.m.jd.com/preact/download/preact-10.19.2.tgz#841797620dba649aaac1f8be42d37c3202dcea8b"
  integrity sha1-hBeXYg26ZJqqwfi+QtN8MgLc6os=

rollup@^3.27.1:
  version "3.29.4"
  resolved "http://registry.m.jd.com/rollup/download/rollup-3.29.4.tgz#4d70c0f9834146df8705bfb69a9a19c9e1109981"
  integrity sha1-TXDA+YNBRt+HBb+2mpoZyeEQmYE=
  optionalDependencies:
    fsevents "~2.3.2"

shiki@^0.14.5:
  version "0.14.5"
  resolved "http://registry.m.jd.com/shiki/download/shiki-0.14.5.tgz#375dd214e57eccb04f0daf35a32aa615861deb93"
  integrity sha1-N13SFOV+zLBPDa81oyqmFYYd65M=
  dependencies:
    ansi-sequence-parser "^1.1.0"
    jsonc-parser "^3.2.0"
    vscode-oniguruma "^1.7.0"
    vscode-textmate "^8.0.0"

source-map-js@^1.0.2:
  version "1.0.2"
  resolved "http://registry.m.jd.com/source-map-js/download/source-map-js-1.0.2.tgz#adbc361d9c62df380125e7f161f71c826f1e490c"
  integrity sha1-rbw2HZxi3zgBJefxYfccgm8eSQw=

tabbable@^6.2.0:
  version "6.2.0"
  resolved "http://registry.m.jd.com/tabbable/download/tabbable-6.2.0.tgz#732fb62bc0175cfcec257330be187dcfba1f3b97"
  integrity sha1-cy+2K8AXXPzsJXMwvhh9z7ofO5c=

vite@^4.5.0:
  version "4.5.0"
  resolved "http://registry.m.jd.com/vite/download/vite-4.5.0.tgz#ec406295b4167ac3bc23e26f9c8ff559287cff26"
  integrity sha1-7EBilbQWesO8I+JvnI/1WSh8/yY=
  dependencies:
    esbuild "^0.18.10"
    postcss "^8.4.27"
    rollup "^3.27.1"
  optionalDependencies:
    fsevents "~2.3.2"

vitepress@^1.0.0-rc.25:
  version "1.0.0-rc.25"
  resolved "http://registry.m.jd.com/vitepress/download/vitepress-1.0.0-rc.25.tgz#9c6d94b817a9e38aa29a1f960bb464564d928b2d"
  integrity sha1-nG2UuBep44qimh+WC7RkVk2Siy0=
  dependencies:
    "@docsearch/css" "^3.5.2"
    "@docsearch/js" "^3.5.2"
    "@types/markdown-it" "^13.0.4"
    "@vitejs/plugin-vue" "4.3.1"
    "@vue/devtools-api" "^6.5.1"
    "@vueuse/core" "^10.5.0"
    "@vueuse/integrations" "^10.5.0"
    focus-trap "^7.5.4"
    mark.js "8.11.1"
    minisearch "^6.1.0"
    shiki "^0.14.5"
    vite "^4.5.0"
    vue "^3.3.6"

vscode-oniguruma@^1.7.0:
  version "1.7.0"
  resolved "http://registry.m.jd.com/vscode-oniguruma/download/vscode-oniguruma-1.7.0.tgz#439bfad8fe71abd7798338d1cd3dc53a8beea94b"
  integrity sha1-Q5v62P5xq9d5gzjRzT3FOovuqUs=

vscode-textmate@^8.0.0:
  version "8.0.0"
  resolved "http://registry.m.jd.com/vscode-textmate/download/vscode-textmate-8.0.0.tgz#2c7a3b1163ef0441097e0b5d6389cd5504b59e5d"
  integrity sha1-LHo7EWPvBEEJfgtdY4nNVQS1nl0=

vue-demi@>=0.14.6:
  version "0.14.6"
  resolved "http://registry.m.jd.com/vue-demi/download/vue-demi-0.14.6.tgz#dc706582851dc1cdc17a0054f4fec2eb6df74c92"
  integrity sha1-3HBlgoUdwc3BegBU9P7C6233TJI=

vue@^3.3.6, vue@^3.3.9:
  version "3.3.9"
  resolved "http://registry.m.jd.com/vue/download/vue-3.3.9.tgz#219a2ec68e8d4d0b0180460af0f5b9299b3f3f1f"
  integrity sha1-IZouxo6NTQsBgEYK8PW5KZs/Px8=
  dependencies:
    "@vue/compiler-dom" "3.3.9"
    "@vue/compiler-sfc" "3.3.9"
    "@vue/runtime-dom" "3.3.9"
    "@vue/server-renderer" "3.3.9"
    "@vue/shared" "3.3.9"
